// !$*UTF8*$!
{
	archiveVersion = 1;
	classes = {
	};
	objectVersion = 56;
	objects = {

/* Begin PBXBuildFile section */
		6225DC2229D13706009CF098 /* newAPCSPPROJECTApp.swift in Sources */ = {isa = PBXBuildFile; fileRef = 6225DC2129D13706009CF098 /* newAPCSPPROJECTApp.swift */; };
		6225DC2429D13706009CF098 /* ContentView.swift in Sources */ = {isa = PBXBuildFile; fileRef = 6225DC2329D13706009CF098 /* ContentView.swift */; };
		6225DC2629D13708009CF098 /* Assets.xcassets in Resources */ = {isa = PBXBuildFile; fileRef = 6225DC2529D13708009CF098 /* Assets.xcassets */; };
		6225DC2929D13708009CF098 /* Preview Assets.xcassets in Resources */ = {isa = PBXBuildFile; fileRef = 6225DC2829D13708009CF098 /* Preview Assets.xcassets */; };
		6225DC3029D29CA2009CF098 /* DetailView.swift in Sources */ = {isa = PBXBuildFile; fileRef = 6225DC2F29D29CA2009CF098 /* DetailView.swift */; };
		6225DC3229D2A92B009CF098 /* MenuManager.swift in Sources */ = {isa = PBXBuildFile; fileRef = 6225DC3129D2A92B009CF098 /* MenuManager.swift */; };
		6225DC3429D2AA72009CF098 /* MenuModel.swift in Sources */ = {isa = PBXBuildFile; fileRef = 6225DC3329D2AA72009CF098 /* MenuModel.swift */; };
		6225DC3629D2AC94009CF098 /* ModelData.swift in Sources */ = {isa = PBXBuildFile; fileRef = 6225DC3529D2AC94009CF098 /* ModelData.swift */; };
		6225DC3A29D2B24D009CF098 /* FinishingView.swift in Sources */ = {isa = PBXBuildFile; fileRef = 6225DC3929D2B24D009CF098 /* FinishingView.swift */; };
		6259487D29F60E4500E6E4AA /* TitleScreen.swift in Sources */ = {isa = PBXBuildFile; fileRef = 6259487C29F60E4500E6E4AA /* TitleScreen.swift */; };
		6294C36A2A14766600B4DF5F /* MenuButton.swift in Sources */ = {isa = PBXBuildFile; fileRef = 6294C3692A14766600B4DF5F /* MenuButton.swift */; };
/* End PBXBuildFile section */

/* Begin PBXFileReference section */
		6225DC1E29D13706009CF098 /* newAPCSPPROJECT.app */ = {isa = PBXFileReference; explicitFileType = wrapper.application; includeInIndex = 0; path = newAPCSPPROJECT.app; sourceTree = BUILT_PRODUCTS_DIR; };
		6225DC2129D13706009CF098 /* newAPCSPPROJECTApp.swift */ = {isa = PBXFileReference; lastKnownFileType = sourcecode.swift; path = newAPCSPPROJECTApp.swift; sourceTree = "<group>"; };
		6225DC2329D13706009CF098 /* ContentView.swift */ = {isa = PBXFileReference; lastKnownFileType = sourcecode.swift; path = ContentView.swift; sourceTree = "<group>"; };
		6225DC2529D13708009CF098 /* Assets.xcassets */ = {isa = PBXFileReference; lastKnownFileType = folder.assetcatalog; path = Assets.xcassets; sourceTree = "<group>"; };
		6225DC2829D13708009CF098 /* Preview Assets.xcassets */ = {isa = PBXFileReference; lastKnownFileType = folder.assetcatalog; path = "Preview Assets.xcassets"; sourceTree = "<group>"; };
		6225DC2F29D29CA2009CF098 /* DetailView.swift */ = {isa = PBXFileReference; lastKnownFileType = sourcecode.swift; path = DetailView.swift; sourceTree = "<group>"; };
		6225DC3129D2A92B009CF098 /* MenuManager.swift */ = {isa = PBXFileReference; lastKnownFileType = sourcecode.swift; path = MenuManager.swift; sourceTree = "<group>"; };
		6225DC3329D2AA72009CF098 /* MenuModel.swift */ = {isa = PBXFileReference; lastKnownFileType = sourcecode.swift; path = MenuModel.swift; sourceTree = "<group>"; };
		6225DC3529D2AC94009CF098 /* ModelData.swift */ = {isa = PBXFileReference; lastKnownFileType = sourcecode.swift; path = ModelData.swift; sourceTree = "<group>"; };
		6225DC3929D2B24D009CF098 /* FinishingView.swift */ = {isa = PBXFileReference; lastKnownFileType = sourcecode.swift; path = FinishingView.swift; sourceTree = "<group>"; };
		6259487C29F60E4500E6E4AA /* TitleScreen.swift */ = {isa = PBXFileReference; lastKnownFileType = sourcecode.swift; path = TitleScreen.swift; sourceTree = "<group>"; };
		6294C3692A14766600B4DF5F /* MenuButton.swift */ = {isa = PBXFileReference; lastKnownFileType = sourcecode.swift; path = MenuButton.swift; sourceTree = "<group>"; };
/* End PBXFileReference section */

/* Begin PBXFrameworksBuildPhase section */
		6225DC1B29D13706009CF098 /* Frameworks */ = {
			isa = PBXFrameworksBuildPhase;
			buildActionMask = 2147483647;
			files = (
			);
			runOnlyForDeploymentPostprocessing = 0;
		};
/* End PBXFrameworksBuildPhase section */

/* Begin PBXGroup section */
		6225DC1529D13706009CF098 = {
			isa = PBXGroup;
			children = (
				6225DC2029D13706009CF098 /* newAPCSPPROJECT */,
				6225DC1F29D13706009CF098 /* Products */,
			);
			sourceTree = "<group>";
		};
		6225DC1F29D13706009CF098 /* Products */ = {
			isa = PBXGroup;
			children = (
				6225DC1E29D13706009CF098 /* newAPCSPPROJECT.app */,
			);
			name = Products;
			sourceTree = "<group>";
		};
		6225DC2029D13706009CF098 /* newAPCSPPROJECT */ = {
			isa = PBXGroup;
			children = (
				6225DC2129D13706009CF098 /* newAPCSPPROJECTApp.swift */,
				6294C36B2A1478A000B4DF5F /* Components */,
				6225DC3B29D69E15009CF098 /* Model */,
				6225DC3C29D69E26009CF098 /* Views */,
				6259487E29F6BFA400E6E4AA /* Controller */,
				6225DC2529D13708009CF098 /* Assets.xcassets */,
				6225DC2729D13708009CF098 /* Preview Content */,
				6225DC3529D2AC94009CF098 /* ModelData.swift */,
			);
			path = newAPCSPPROJECT;
			sourceTree = "<group>";
		};
		6225DC2729D13708009CF098 /* Preview Content */ = {
			isa = PBXGroup;
			children = (
				6225DC2829D13708009CF098 /* Preview Assets.xcassets */,
			);
			path = "Preview Content";
			sourceTree = "<group>";
		};
		6225DC3B29D69E15009CF098 /* Model */ = {
			isa = PBXGroup;
			children = (
				6225DC3329D2AA72009CF098 /* MenuModel.swift */,
			);
			path = Model;
			sourceTree = "<group>";
		};
		6225DC3C29D69E26009CF098 /* Views */ = {
			isa = PBXGroup;
			children = (
				6259487C29F60E4500E6E4AA /* TitleScreen.swift */,
				6225DC2329D13706009CF098 /* ContentView.swift */,
				6225DC2F29D29CA2009CF098 /* DetailView.swift */,
				6225DC3929D2B24D009CF098 /* FinishingView.swift */,
			);
			path = Views;
			sourceTree = "<group>";
		};
		6259487E29F6BFA400E6E4AA /* Controller */ = {
			isa = PBXGroup;
			children = (
				6225DC3129D2A92B009CF098 /* MenuManager.swift */,
			);
			path = Controller;
			sourceTree = "<group>";
		};
		6294C36B2A1478A000B4DF5F /* Components */ = {
			isa = PBXGroup;
			children = (
				6294C3692A14766600B4DF5F /* MenuButton.swift */,
			);
			path = Components;
			sourceTree = "<group>";
		};
/* End PBXGroup section */

/* Begin PBXNativeTarget section */
		6225DC1D29D13706009CF098 /* newAPCSPPROJECT */ = {
			isa = PBXNativeTarget;
			buildConfigurationList = 6225DC2C29D13708009CF098 /* Build configuration list for PBXNativeTarget "newAPCSPPROJECT" */;
			buildPhases = (
				6225DC1A29D13706009CF098 /* Sources */,
				6225DC1B29D13706009CF098 /* Frameworks */,
				6225DC1C29D13706009CF098 /* Resources */,
			);
			buildRules = (
			);
			dependencies = (
			);
			name = newAPCSPPROJECT;
			productName = newAPCSPPROJECT;
			productReference = 6225DC1E29D13706009CF098 /* newAPCSPPROJECT.app */;
			productType = "com.apple.product-type.application";
		};
/* End PBXNativeTarget section */

/* Begin PBXProject section */
		6225DC1629D13706009CF098 /* Project object */ = {
			isa = PBXProject;
			attributes = {
				BuildIndependentTargetsInParallel = 1;
				LastSwiftUpdateCheck = 1410;
				LastUpgradeCheck = 1410;
				TargetAttributes = {
					6225DC1D29D13706009CF098 = {
						CreatedOnToolsVersion = 14.1;
					};
				};
			};
			buildConfigurationList = 6225DC1929D13706009CF098 /* Build configuration list for PBXProject "newAPCSPPROJECT" */;
			compatibilityVersion = "Xcode 14.0";
			developmentRegion = en;
			hasScannedForEncodings = 0;
			knownRegions = (
				en,
				Base,
			);
			mainGroup = 6225DC1529D13706009CF098;
			productRefGroup = 6225DC1F29D13706009CF098 /* Products */;
			projectDirPath = "";
			projectRoot = "";
			targets = (
				6225DC1D29D13706009CF098 /* newAPCSPPROJECT */,
			);
		};
/* End PBXProject section */

/* Begin PBXResourcesBuildPhase section */
		6225DC1C29D13706009CF098 /* Resources */ = {
			isa = PBXResourcesBuildPhase;
			buildActionMask = 2147483647;
			files = (
				6225DC2929D13708009CF098 /* Preview Assets.xcassets in Resources */,
				6225DC2629D13708009CF098 /* Assets.xcassets in Resources */,
			);
			runOnlyForDeploymentPostprocessing = 0;
		};
/* End PBXResourcesBuildPhase section */

/* Begin PBXSourcesBuildPhase section */
		6225DC1A29D13706009CF098 /* Sources */ = {
			isa = PBXSourcesBuildPhase;
			buildActionMask = 2147483647;
			files = (
				6225DC3229D2A92B009CF098 /* MenuManager.swift in Sources */,
				6225DC3A29D2B24D009CF098 /* FinishingView.swift in Sources */,
				6225DC2429D13706009CF098 /* ContentView.swift in Sources */,
				6259487D29F60E4500E6E4AA /* TitleScreen.swift in Sources */,
				6225DC3429D2AA72009CF098 /* MenuModel.swift in Sources */,
				6225DC3029D29CA2009CF098 /* DetailView.swift in Sources */,
				6225DC2229D13706009CF098 /* newAPCSPPROJECTApp.swift in Sources */,
				6225DC3629D2AC94009CF098 /* ModelData.swift in Sources */,
				6294C36A2A14766600B4DF5F /* MenuButton.swift in Sources */,
			);
			runOnlyForDeploymentPostprocessing = 0;
		};
/* End PBXSourcesBuildPhase section */

/* Begin XCBuildConfiguration section */
		6225DC2A29D13708009CF098 /* Debug */ = {
			isa = XCBuildConfiguration;
			buildSettings = {
				ALWAYS_SEARCH_USER_PATHS = NO;
				CLANG_ANALYZER_NONNULL = YES;
				CLANG_ANALYZER_NUMBER_OBJECT_CONVERSION = YES_AGGRESSIVE;
				CLANG_CXX_LANGUAGE_STANDARD = "gnu++20";
				CLANG_ENABLE_MODULES = YES;
				CLANG_ENABLE_OBJC_ARC = YES;
				CLANG_ENABLE_OBJC_WEAK = YES;
				CLANG_WARN_BLOCK_CAPTURE_AUTORELEASING = YES;
				CLANG_WARN_BOOL_CONVERSION = YES;
				CLANG_WARN_COMMA = YES;
				CLANG_WARN_CONSTANT_CONVERSION = YES;
				CLANG_WARN_DEPRECATED_OBJC_IMPLEMENTATIONS = YES;
				CLANG_WARN_DIRECT_OBJC_ISA_USAGE = YES_ERROR;
				CLANG_WARN_DOCUMENTATION_COMMENTS = YES;
				CLANG_WARN_EMPTY_BODY = YES;
				CLANG_WARN_ENUM_CONVERSION = YES;
				CLANG_WARN_INFINITE_RECURSION = YES;
				CLANG_WARN_INT_CONVERSION = YES;
				CLANG_WARN_NON_LITERAL_NULL_CONVERSION = YES;
				CLANG_WARN_OBJC_IMPLICIT_RETAIN_SELF = YES;
				CLANG_WARN_OBJC_LITERAL_CONVERSION = YES;
				CLANG_WARN_OBJC_ROOT_CLASS = YES_ERROR;
				CLANG_WARN_QUOTED_INCLUDE_IN_FRAMEWORK_HEADER = YES;
				CLANG_WARN_RANGE_LOOP_ANALYSIS = YES;
				CLANG_WARN_STRICT_PROTOTYPES = YES;
				CLANG_WARN_SUSPICIOUS_MOVE = YES;
				CLANG_WARN_UNGUARDED_AVAILABILITY = YES_AGGRESSIVE;
				CLANG_WARN_UNREACHABLE_CODE = YES;
				CLANG_WARN__DUPLICATE_METHOD_MATCH = YES;
				COPY_PHASE_STRIP = NO;
				DEBUG_INFORMATION_FORMAT = dwarf;
				ENABLE_STRICT_OBJC_MSGSEND = YES;
				ENABLE_TESTABILITY = YES;
				GCC_C_LANGUAGE_STANDARD = gnu11;
				GCC_DYNAMIC_NO_PIC = NO;
				GCC_NO_COMMON_BLOCKS = YES;
				GCC_OPTIMIZATION_LEVEL = 0;
				GCC_PREPROCESSOR_DEFINITIONS = (
					"DEBUG=1",
					"$(inherited)",
				);
				GCC_WARN_64_TO_32_BIT_CONVERSION = YES;
				GCC_WARN_ABOUT_RETURN_TYPE = YES_ERROR;
				GCC_WARN_UNDECLARED_SELECTOR = YES;
				GCC_WARN_UNINITIALIZED_AUTOS = YES_AGGRESSIVE;
				GCC_WARN_UNUSED_FUNCTION = YES;
				GCC_WARN_UNUSED_VARIABLE = YES;
				IPHONEOS_DEPLOYMENT_TARGET = 16.1;
				MTL_ENABLE_DEBUG_INFO = INCLUDE_SOURCE;
				MTL_FAST_MATH = YES;
				ONLY_ACTIVE_ARCH = YES;
				SDKROOT = iphoneos;
				SWIFT_ACTIVE_COMPILATION_CONDITIONS = DEBUG;
				SWIFT_OPTIMIZATION_LEVEL = "-Onone";
			};
			name = Debug;
		};
		6225DC2B29D13708009CF098 /* Release */ = {
			isa = XCBuildConfiguration;
			buildSettings = {
				ALWAYS_SEARCH_USER_PATHS = NO;
				CLANG_ANALYZER_NONNULL = YES;
				CLANG_ANALYZER_NUMBER_OBJECT_CONVERSION = YES_AGGRESSIVE;
				CLANG_CXX_LANGUAGE_STANDARD = "gnu++20";
				CLANG_ENABLE_MODULES = YES;
				CLANG_ENABLE_OBJC_ARC = YES;
				CLANG_ENABLE_OBJC_WEAK = YES;
				CLANG_WARN_BLOCK_CAPTURE_AUTORELEASING = YES;
				CLANG_WARN_BOOL_CONVERSION = YES;
				CLANG_WARN_COMMA = YES;
				CLANG_WARN_CONSTANT_CONVERSION = YES;
				CLANG_WARN_DEPRECATED_OBJC_IMPLEMENTATIONS = YES;
				CLANG_WARN_DIRECT_OBJC_ISA_USAGE = YES_ERROR;
				CLANG_WARN_DOCUMENTATION_COMMENTS = YES;
				CLANG_WARN_EMPTY_BODY = YES;
				CLANG_WARN_ENUM_CONVERSION = YES;
				CLANG_WARN_INFINITE_RECURSION = YES;
				CLANG_WARN_INT_CONVERSION = YES;
				CLANG_WARN_NON_LITERAL_NULL_CONVERSION = YES;
				CLANG_WARN_OBJC_IMPLICIT_RETAIN_SELF = YES;
				CLANG_WARN_OBJC_LITERAL_CONVERSION = YES;
				CLANG_WARN_OBJC_ROOT_CLASS = YES_ERROR;
				CLANG_WARN_QUOTED_INCLUDE_IN_FRAMEWORK_HEADER = YES;
				CLANG_WARN_RANGE_LOOP_ANALYSIS = YES;
				CLANG_WARN_STRICT_PROTOTYPES = YES;
				CLANG_WARN_SUSPICIOUS_MOVE = YES;
				CLANG_WARN_UNGUARDED_AVAILABILITY = YES_AGGRESSIVE;
				CLANG_WARN_UNREACHABLE_CODE = YES;
				CLANG_WARN__DUPLICATE_METHOD_MATCH = YES;
				COPY_PHASE_STRIP = NO;
				DEBUG_INFORMATION_FORMAT = "dwarf-with-dsym";
				ENABLE_NS_ASSERTIONS = NO;
				ENABLE_STRICT_OBJC_MSGSEND = YES;
				GCC_C_LANGUAGE_STANDARD = gnu11;
				GCC_NO_COMMON_BLOCKS = YES;
				GCC_WARN_64_TO_32_BIT_CONVERSION = YES;
				GCC_WARN_ABOUT_RETURN_TYPE = YES_ERROR;
				GCC_WARN_UNDECLARED_SELECTOR = YES;
				GCC_WARN_UNINITIALIZED_AUTOS = YES_AGGRESSIVE;
				GCC_WARN_UNUSED_FUNCTION = YES;
				GCC_WARN_UNUSED_VARIABLE = YES;
				IPHONEOS_DEPLOYMENT_TARGET = 16.1;
				MTL_ENABLE_DEBUG_INFO = NO;
				MTL_FAST_MATH = YES;
				SDKROOT = iphoneos;
				SWIFT_COMPILATION_MODE = wholemodule;
				SWIFT_OPTIMIZATION_LEVEL = "-O";
				VALIDATE_PRODUCT = YES;
			};
			name = Release;
		};
		6225DC2D29D13708009CF098 /* Debug */ = {
			isa = XCBuildConfiguration;
			buildSettings = {
				ASSETCATALOG_COMPILER_APPICON_NAME = AppIcon;
				ASSETCATALOG_COMPILER_GLOBAL_ACCENT_COLOR_NAME = AccentColor;
				CODE_SIGN_STYLE = Automatic;
				CURRENT_PROJECT_VERSION = 1;
				DEVELOPMENT_ASSET_PATHS = "\"newAPCSPPROJECT/Preview Content\"";
				DEVELOPMENT_TEAM = LUFC6WH32K;
				ENABLE_PREVIEWS = YES;
				GENERATE_INFOPLIST_FILE = YES;
				INFOPLIST_KEY_UIApplicationSceneManifest_Generation = YES;
				INFOPLIST_KEY_UIApplicationSupportsIndirectInputEvents = YES;
				INFOPLIST_KEY_UILaunchScreen_Generation = YES;
				INFOPLIST_KEY_UISupportedInterfaceOrientations_iPad = "UIInterfaceOrientationPortrait UIInterfaceOrientationPortraitUpsideDown UIInterfaceOrientationLandscapeLeft UIInterfaceOrientationLandscapeRight";
				INFOPLIST_KEY_UISupportedInterfaceOrientations_iPhone = "UIInterfaceOrientationPortrait UIInterfaceOrientationLandscapeLeft UIInterfaceOrientationLandscapeRight";
				LD_RUNPATH_SEARCH_PATHS = (
					"$(inherited)",
					"@executable_path/Frameworks",
				);
				MARKETING_VERSION = 1.0;
				PRODUCT_BUNDLE_IDENTIFIER = home.newAPCSPPROJECT;
				PRODUCT_NAME = "$(TARGET_NAME)";
				SWIFT_EMIT_LOC_STRINGS = YES;
				SWIFT_VERSION = 5.0;
				TARGETED_DEVICE_FAMILY = "1,2";
			};
			name = Debug;
		};
		6225DC2E29D13708009CF098 /* Release */ = {
			isa = XCBuildConfiguration;
			buildSettings = {
				ASSETCATALOG_COMPILER_APPICON_NAME = AppIcon;
				ASSETCATALOG_COMPILER_GLOBAL_ACCENT_COLOR_NAME = AccentColor;
				CODE_SIGN_STYLE = Automatic;
				CURRENT_PROJECT_VERSION = 1;
				DEVELOPMENT_ASSET_PATHS = "\"newAPCSPPROJECT/Preview Content\"";
				DEVELOPMENT_TEAM = LUFC6WH32K;
				ENABLE_PREVIEWS = YES;
				GENERATE_INFOPLIST_FILE = YES;
				INFOPLIST_KEY_UIApplicationSceneManifest_Generation = YES;
				INFOPLIST_KEY_UIApplicationSupportsIndirectInputEvents = YES;
				INFOPLIST_KEY_UILaunchScreen_Generation = YES;
				INFOPLIST_KEY_UISupportedInterfaceOrientations_iPad = "UIInterfaceOrientationPortrait UIInterfaceOrientationPortraitUpsideDown UIInterfaceOrientationLandscapeLeft UIInterfaceOrientationLandscapeRight";
				INFOPLIST_KEY_UISupportedInterfaceOrientations_iPhone = "UIInterfaceOrientationPortrait UIInterfaceOrientationLandscapeLeft UIInterfaceOrientationLandscapeRight";
				LD_RUNPATH_SEARCH_PATHS = (
					"$(inherited)",
					"@executable_path/Frameworks",
				);
				MARKETING_VERSION = 1.0;
				PRODUCT_BUNDLE_IDENTIFIER = home.newAPCSPPROJECT;
				PRODUCT_NAME = "$(TARGET_NAME)";
				SWIFT_EMIT_LOC_STRINGS = YES;
				SWIFT_VERSION = 5.0;
				TARGETED_DEVICE_FAMILY = "1,2";
			};
			name = Release;
		};
/* End XCBuildConfiguration section */

/* Begin XCConfigurationList section */
		6225DC1929D13706009CF098 /* Build configuration list for PBXProject "newAPCSPPROJECT" */ = {
			isa = XCConfigurationList;
			buildConfigurations = (
				6225DC2A29D13708009CF098 /* Debug */,
				6225DC2B29D13708009CF098 /* Release */,
			);
			defaultConfigurationIsVisible = 0;
			defaultConfigurationName = Release;
		};
		6225DC2C29D13708009CF098 /* Build configuration list for PBXNativeTarget "newAPCSPPROJECT" */ = {
			isa = XCConfigurationList;
			buildConfigurations = (
				6225DC2D29D13708009CF098 /* Debug */,
				6225DC2E29D13708009CF098 /* Release */,
			);
			defaultConfigurationIsVisible = 0;
			defaultConfigurationName = Release;
		};
/* End XCConfigurationList section */
	};
	rootObject = 6225DC1629D13706009CF098 /* Project object */;
}
